{
  "name": "theo.petropoulos",
  "lockfileVersion": 2,
  "requires": true,
  "packages": {
    "": {
      "dependencies": {
        "image-map-resizer": "^1.0.10",
        "maphilight": "^1.4.0"
      }
    },
    "node_modules/image-map-resizer": {
      "version": "1.0.10",
      "resolved": "https://registry.npmjs.org/image-map-resizer/-/image-map-resizer-1.0.10.tgz",
      "integrity": "sha512-e1dhQAIqBx1MUrUpwXfM4TGtVt1Q/YRnJAUxLPDnNG9TOIVf57TCP5PrDzvoy085ZdxZGxdDCSiaWyQfOPTdpA==",
      "engines": {
        "node": ">=0.8.0"
      }
    },
    "node_modules/jquery": {
      "version": "3.6.0",
      "resolved": "https://registry.npmjs.org/jquery/-/jquery-3.6.0.tgz",
      "integrity": "sha512-JVzAR/AjBvVt2BmYhxRCSYysDsPcssdmTFnzyLEts9qNwmjmu4JTAMYubEfwVOSwpQ1I1sKKFcxhZCI2buerfw=="
    },
    "node_modules/maphilight": {
      "version": "1.4.0",
      "resolved": "https://registry.npmjs.org/maphilight/-/maphilight-1.4.0.tgz",
      "integrity": "sha512-7iYXdlT9x0dAqkdEq2IPHGrHF9YBTbjNZB8SQUWqZAqVxZUdMqYHTbowCPMOVIDnC78afFIwIHFG7ZQoD0faqQ==",
      "dependencies": {
        "jquery": "^3.0.0"
      }
    }
  },
  "dependencies": {
    "image-map-resizer": {
      "version": "1.0.10",
      "resolved": "https://registry.npmjs.org/image-map-resizer/-/image-map-resizer-1.0.10.tgz",
      "integrity": "sha512-e1dhQAIqBx1MUrUpwXfM4TGtVt1Q/YRnJAUxLPDnNG9TOIVf57TCP5PrDzvoy085ZdxZGxdDCSiaWyQfOPTdpA=="
    },
    "jquery": {
      "version": "3.6.0",
      "resolved": "https://registry.npmjs.org/jquery/-/jquery-3.6.0.tgz",
      "integrity": "sha512-JVzAR/AjBvVt2BmYhxRCSYysDsPcssdmTFnzyLEts9qNwmjmu4JTAMYubEfwVOSwpQ1I1sKKFcxhZCI2buerfw=="
    },
    "maphilight": {
      "version": "1.4.0",
      "resolved": "https://registry.npmjs.org/maphilight/-/maphilight-1.4.0.tgz",
      "integrity": "sha512-7iYXdlT9x0dAqkdEq2IPHGrHF9YBTbjNZB8SQUWqZAqVxZUdMqYHTbowCPMOVIDnC78afFIwIHFG7ZQoD0faqQ==",
      "requires": {
        "jquery": "^3.0.0"
      }
    }
  }
}
